// !$*UTF8*$!
{
	archiveVersion = 1;
	classes = {
	};
	objectVersion = 46;
	objects = {

/* Begin PBXBuildFile section */
		5838894E1AD15E3300DE8805 /* AppDelegate.m in Sources */ = {isa = PBXBuildFile; fileRef = 5838894D1AD15E3300DE8805 /* AppDelegate.m */; };
		583889501AD15E3300DE8805 /* main.m in Sources */ = {isa = PBXBuildFile; fileRef = 5838894F1AD15E3300DE8805 /* main.m */; };
		583889521AD15E3300DE8805 /* Images.xcassets in Resources */ = {isa = PBXBuildFile; fileRef = 583889511AD15E3300DE8805 /* Images.xcassets */; };
		583889551AD15E3300DE8805 /* MainMenu.xib in Resources */ = {isa = PBXBuildFile; fileRef = 583889531AD15E3300DE8805 /* MainMenu.xib */; };
		583889611AD15E3300DE8805 /* WDCollectionTestClientTests.m in Sources */ = {isa = PBXBuildFile; fileRef = 583889601AD15E3300DE8805 /* WDCollectionTestClientTests.m */; };
/* End PBXBuildFile section */

/* Begin PBXContainerItemProxy section */
		5838895B1AD15E3300DE8805 /* PBXContainerItemProxy */ = {
			isa = PBXContainerItemProxy;
			containerPortal = 5838893F1AD15E3300DE8805 /* Project object */;
			proxyType = 1;
			remoteGlobalIDString = 583889461AD15E3300DE8805;
			remoteInfo = WDCollectionTestClient;
		};
/* End PBXContainerItemProxy section */

/* Begin PBXFileReference section */
		583889471AD15E3300DE8805 /* WDCollectionTestClient.app */ = {isa = PBXFileReference; explicitFileType = wrapper.application; includeInIndex = 0; path = WDCollectionTestClient.app; sourceTree = BUILT_PRODUCTS_DIR; };
		5838894B1AD15E3300DE8805 /* Info.plist */ = {isa = PBXFileReference; lastKnownFileType = text.plist.xml; path = Info.plist; sourceTree = "<group>"; };
		5838894C1AD15E3300DE8805 /* AppDelegate.h */ = {isa = PBXFileReference; lastKnownFileType = sourcecode.c.h; path = AppDelegate.h; sourceTree = "<group>"; };
		5838894D1AD15E3300DE8805 /* AppDelegate.m */ = {isa = PBXFileReference; lastKnownFileType = sourcecode.c.objc; path = AppDelegate.m; sourceTree = "<group>"; };
		5838894F1AD15E3300DE8805 /* main.m */ = {isa = PBXFileReference; lastKnownFileType = sourcecode.c.objc; path = main.m; sourceTree = "<group>"; };
		583889511AD15E3300DE8805 /* Images.xcassets */ = {isa = PBXFileReference; lastKnownFileType = folder.assetcatalog; path = Images.xcassets; sourceTree = "<group>"; };
		583889541AD15E3300DE8805 /* Base */ = {isa = PBXFileReference; lastKnownFileType = file.xib; name = Base; path = Base.lproj/MainMenu.xib; sourceTree = "<group>"; };
		5838895A1AD15E3300DE8805 /* WDCollectionTestClientTests.xctest */ = {isa = PBXFileReference; explicitFileType = wrapper.cfbundle; includeInIndex = 0; path = WDCollectionTestClientTests.xctest; sourceTree = BUILT_PRODUCTS_DIR; };
		5838895F1AD15E3300DE8805 /* Info.plist */ = {isa = PBXFileReference; lastKnownFileType = text.plist.xml; path = Info.plist; sourceTree = "<group>"; };
		583889601AD15E3300DE8805 /* WDCollectionTestClientTests.m */ = {isa = PBXFileReference; lastKnownFileType = sourcecode.c.objc; path = WDCollectionTestClientTests.m; sourceTree = "<group>"; };
/* End PBXFileReference section */

/* Begin PBXFrameworksBuildPhase section */
		583889441AD15E3300DE8805 /* Frameworks */ = {
			isa = PBXFrameworksBuildPhase;
			buildActionMask = 2147483647;
			files = (
			);
			runOnlyForDeploymentPostprocessing = 0;
		};
		583889571AD15E3300DE8805 /* Frameworks */ = {
			isa = PBXFrameworksBuildPhase;
			buildActionMask = 2147483647;
			files = (
			);
			runOnlyForDeploymentPostprocessing = 0;
		};
/* End PBXFrameworksBuildPhase section */

/* Begin PBXGroup section */
		5838893E1AD15E3300DE8805 = {
			isa = PBXGroup;
			children = (
				583889491AD15E3300DE8805 /* WDCollectionTestClient */,
				5838895D1AD15E3300DE8805 /* WDCollectionTestClientTests */,
				583889481AD15E3300DE8805 /* Products */,
			);
			sourceTree = "<group>";
		};
		583889481AD15E3300DE8805 /* Products */ = {
			isa = PBXGroup;
			children = (
				583889471AD15E3300DE8805 /* WDCollectionTestClient.app */,
				5838895A1AD15E3300DE8805 /* WDCollectionTestClientTests.xctest */,
			);
			name = Products;
			sourceTree = "<group>";
		};
		583889491AD15E3300DE8805 /* WDCollectionTestClient */ = {
			isa = PBXGroup;
			children = (
				5838894C1AD15E3300DE8805 /* AppDelegate.h */,
				5838894D1AD15E3300DE8805 /* AppDelegate.m */,
				583889511AD15E3300DE8805 /* Images.xcassets */,
				583889531AD15E3300DE8805 /* MainMenu.xib */,
				5838894A1AD15E3300DE8805 /* Supporting Files */,
			);
			path = WDCollectionTestClient;
			sourceTree = "<group>";
		};
		5838894A1AD15E3300DE8805 /* Supporting Files */ = {
			isa = PBXGroup;
			children = (
				5838894B1AD15E3300DE8805 /* Info.plist */,
				5838894F1AD15E3300DE8805 /* main.m */,
			);
			name = "Supporting Files";
			sourceTree = "<group>";
		};
		5838895D1AD15E3300DE8805 /* WDCollectionTestClientTests */ = {
			isa = PBXGroup;
			children = (
				583889601AD15E3300DE8805 /* WDCollectionTestClientTests.m */,
				5838895E1AD15E3300DE8805 /* Supporting Files */,
			);
			path = WDCollectionTestClientTests;
			sourceTree = "<group>";
		};
		5838895E1AD15E3300DE8805 /* Supporting Files */ = {
			isa = PBXGroup;
			children = (
				5838895F1AD15E3300DE8805 /* Info.plist */,
			);
			name = "Supporting Files";
			sourceTree = "<group>";
		};
/* End PBXGroup section */

/* Begin PBXNativeTarget section */
		583889461AD15E3300DE8805 /* WDCollectionTestClient */ = {
			isa = PBXNativeTarget;
			buildConfigurationList = 583889641AD15E3300DE8805 /* Build configuration list for PBXNativeTarget "WDCollectionTestClient" */;
			buildPhases = (
				583889431AD15E3300DE8805 /* Sources */,
				583889441AD15E3300DE8805 /* Frameworks */,
				583889451AD15E3300DE8805 /* Resources */,
			);
			buildRules = (
			);
			dependencies = (
			);
			name = WDCollectionTestClient;
			productName = WDCollectionTestClient;
			productReference = 583889471AD15E3300DE8805 /* WDCollectionTestClient.app */;
			productType = "com.apple.product-type.application";
		};
		583889591AD15E3300DE8805 /* WDCollectionTestClientTests */ = {
			isa = PBXNativeTarget;
			buildConfigurationList = 583889671AD15E3300DE8805 /* Build configuration list for PBXNativeTarget "WDCollectionTestClientTests" */;
			buildPhases = (
				583889561AD15E3300DE8805 /* Sources */,
				583889571AD15E3300DE8805 /* Frameworks */,
				583889581AD15E3300DE8805 /* Resources */,
			);
			buildRules = (
			);
			dependencies = (
				5838895C1AD15E3300DE8805 /* PBXTargetDependency */,
			);
			name = WDCollectionTestClientTests;
			productName = WDCollectionTestClientTests;
			productReference = 5838895A1AD15E3300DE8805 /* WDCollectionTestClientTests.xctest */;
			productType = "com.apple.product-type.bundle.unit-test";
		};
/* End PBXNativeTarget section */

/* Begin PBXProject section */
		5838893F1AD15E3300DE8805 /* Project object */ = {
			isa = PBXProject;
			attributes = {
				LastUpgradeCheck = 0620;
				ORGANIZATIONNAME = wdf;
				TargetAttributes = {
					583889461AD15E3300DE8805 = {
						CreatedOnToolsVersion = 6.2;
					};
					583889591AD15E3300DE8805 = {
						CreatedOnToolsVersion = 6.2;
						TestTargetID = 583889461AD15E3300DE8805;
					};
				};
			};
			buildConfigurationList = 583889421AD15E3300DE8805 /* Build configuration list for PBXProject "WDCollectionTestClient" */;
			compatibilityVersion = "Xcode 3.2";
			developmentRegion = English;
			hasScannedForEncodings = 0;
			knownRegions = (
				en,
				Base,
			);
			mainGroup = 5838893E1AD15E3300DE8805;
			productRefGroup = 583889481AD15E3300DE8805 /* Products */;
			projectDirPath = "";
			projectRoot = "";
			targets = (
				583889461AD15E3300DE8805 /* WDCollectionTestClient */,
				583889591AD15E3300DE8805 /* WDCollectionTestClientTests */,
			);
		};
/* End PBXProject section */

/* Begin PBXResourcesBuildPhase section */
		583889451AD15E3300DE8805 /* Resources */ = {
			isa = PBXResourcesBuildPhase;
			buildActionMask = 2147483647;
			files = (
				583889521AD15E3300DE8805 /* Images.xcassets in Resources */,
				583889551AD15E3300DE8805 /* MainMenu.xib in Resources */,
			);
			runOnlyForDeploymentPostprocessing = 0;
		};
		583889581AD15E3300DE8805 /* Resources */ = {
			isa = PBXResourcesBuildPhase;
			buildActionMask = 2147483647;
			files = (
			);
			runOnlyForDeploymentPostprocessing = 0;
		};
/* End PBXResourcesBuildPhase section */

/* Begin PBXSourcesBuildPhase section */
		583889431AD15E3300DE8805 /* Sources */ = {
			isa = PBXSourcesBuildPhase;
			buildActionMask = 2147483647;
			files = (
				583889501AD15E3300DE8805 /* main.m in Sources */,
				5838894E1AD15E3300DE8805 /* AppDelegate.m in Sources */,
			);
			runOnlyForDeploymentPostprocessing = 0;
		};
		583889561AD15E3300DE8805 /* Sources */ = {
			isa = PBXSourcesBuildPhase;
			buildActionMask = 2147483647;
			files = (
				583889611AD15E3300DE8805 /* WDCollectionTestClientTests.m in Sources */,
			);
			runOnlyForDeploymentPostprocessing = 0;
		};
/* End PBXSourcesBuildPhase section */

/* Begin PBXTargetDependency section */
		5838895C1AD15E3300DE8805 /* PBXTargetDependency */ = {
			isa = PBXTargetDependency;
			target = 583889461AD15E3300DE8805 /* WDCollectionTestClient */;
			targetProxy = 5838895B1AD15E3300DE8805 /* PBXContainerItemProxy */;
		};
/* End PBXTargetDependency section */

/* Begin PBXVariantGroup section */
		583889531AD15E3300DE8805 /* MainMenu.xib */ = {
			isa = PBXVariantGroup;
			children = (
				583889541AD15E3300DE8805 /* Base */,
			);
			name = MainMenu.xib;
			sourceTree = "<group>";
		};
/* End PBXVariantGroup section */

/* Begin XCBuildConfiguration section */
		583889621AD15E3300DE8805 /* Debug */ = {
			isa = XCBuildConfiguration;
			buildSettings = {
				ALWAYS_SEARCH_USER_PATHS = NO;
				CLANG_CXX_LANGUAGE_STANDARD = "gnu++0x";
				CLANG_CXX_LIBRARY = "libc++";
				CLANG_ENABLE_MODULES = YES;
				CLANG_ENABLE_OBJC_ARC = YES;
				CLANG_WARN_BOOL_CONVERSION = YES;
				CLANG_WARN_CONSTANT_CONVERSION = YES;
				CLANG_WARN_DIRECT_OBJC_ISA_USAGE = YES_ERROR;
				CLANG_WARN_EMPTY_BODY = YES;
				CLANG_WARN_ENUM_CONVERSION = YES;
				CLANG_WARN_INT_CONVERSION = YES;
				CLANG_WARN_OBJC_ROOT_CLASS = YES_ERROR;
				CLANG_WARN_UNREACHABLE_CODE = YES;
				CLANG_WARN__DUPLICATE_METHOD_MATCH = YES;
				CODE_SIGN_IDENTITY = "-";
				COPY_PHASE_STRIP = NO;
				ENABLE_STRICT_OBJC_MSGSEND = YES;
				GCC_C_LANGUAGE_STANDARD = gnu99;
				GCC_DYNAMIC_NO_PIC = NO;
				GCC_OPTIMIZATION_LEVEL = 0;
				GCC_PREPROCESSOR_DEFINITIONS = (
					"DEBUG=1",
					"$(inherited)",
				);
				GCC_SYMBOLS_PRIVATE_EXTERN = NO;
				GCC_WARN_64_TO_32_BIT_CONVERSION = YES;
				GCC_WARN_ABOUT_RETURN_TYPE = YES_ERROR;
				GCC_WARN_UNDECLARED_SELECTOR = YES;
				GCC_WARN_UNINITIALIZED_AUTOS = YES_AGGRESSIVE;
				GCC_WARN_UNUSED_FUNCTION = YES;
				GCC_WARN_UNUSED_VARIABLE = YES;
				MACOSX_DEPLOYMENT_TARGET = 10.10;
				MTL_ENABLE_DEBUG_INFO = YES;
				ONLY_ACTIVE_ARCH = YES;
				SDKROOT = macosx;
			};
			name = Debug;
		};
		583889631AD15E3300DE8805 /* Release */ = {
			isa = XCBuildConfiguration;
			buildSettings = {
				ALWAYS_SEARCH_USER_PATHS = NO;
				CLANG_CXX_LANGUAGE_STANDARD = "gnu++0x";
				CLANG_CXX_LIBRARY = "libc++";
				CLANG_ENABLE_MODULES = YES;
				CLANG_ENABLE_OBJC_ARC = YES;
				CLANG_WARN_BOOL_CONVERSION = YES;
				CLANG_WARN_CONSTANT_CONVERSION = YES;
				CLANG_WARN_DIRECT_OBJC_ISA_USAGE = YES_ERROR;
				CLANG_WARN_EMPTY_BODY = YES;
				CLANG_WARN_ENUM_CONVERSION = YES;
				CLANG_WARN_INT_CONVERSION = YES;
				CLANG_WARN_OBJC_ROOT_CLASS = YES_ERROR;
				CLANG_WARN_UNREACHABLE_CODE = YES;
				CLANG_WARN__DUPLICATE_METHOD_MATCH = YES;
				CODE_SIGN_IDENTITY = "-";
				COPY_PHASE_STRIP = NO;
				DEBUG_INFORMATION_FORMAT = "dwarf-with-dsym";
				ENABLE_NS_ASSERTIONS = NO;
				ENABLE_STRICT_OBJC_MSGSEND = YES;
				GCC_C_LANGUAGE_STANDARD = gnu99;
				GCC_WARN_64_TO_32_BIT_CONVERSION = YES;
				GCC_WARN_ABOUT_RETURN_TYPE = YES_ERROR;
				GCC_WARN_UNDECLARED_SELECTOR = YES;
				GCC_WARN_UNINITIALIZED_AUTOS = YES_AGGRESSIVE;
				GCC_WARN_UNUSED_FUNCTION = YES;
				GCC_WARN_UNUSED_VARIABLE = YES;
				MACOSX_DEPLOYMENT_TARGET = 10.10;
				MTL_ENABLE_DEBUG_INFO = NO;
				SDKROOT = macosx;
			};
			name = Release;
		};
		583889651AD15E3300DE8805 /* Debug */ = {
			isa = XCBuildConfiguration;
			buildSettings = {
				ASSETCATALOG_COMPILER_APPICON_NAME = AppIcon;
				COMBINE_HIDPI_IMAGES = YES;
				INFOPLIST_FILE = WDCollectionTestClient/Info.plist;
				LD_RUNPATH_SEARCH_PATHS = "$(inherited) @executable_path/../Frameworks";
				PRODUCT_NAME = "$(TARGET_NAME)";
			};
			name = Debug;
		};
		583889661AD15E3300DE8805 /* Release */ = {
			isa = XCBuildConfiguration;
			buildSettings = {
				ASSETCATALOG_COMPILER_APPICON_NAME = AppIcon;
				COMBINE_HIDPI_IMAGES = YES;
				INFOPLIST_FILE = WDCollectionTestClient/Info.plist;
				LD_RUNPATH_SEARCH_PATHS = "$(inherited) @executable_path/../Frameworks";
				PRODUCT_NAME = "$(TARGET_NAME)";
			};
			name = Release;
		};
		583889681AD15E3300DE8805 /* Debug */ = {
			isa = XCBuildConfiguration;
			buildSettings = {
				BUNDLE_LOADER = "$(TEST_HOST)";
				COMBINE_HIDPI_IMAGES = YES;
				FRAMEWORK_SEARCH_PATHS = (
					"$(DEVELOPER_FRAMEWORKS_DIR)",
					"$(inherited)",
				);
				GCC_PREPROCESSOR_DEFINITIONS = (
					"DEBUG=1",
					"$(inherited)",
				);
				INFOPLIST_FILE = WDCollectionTestClientTests/Info.plist;
				LD_RUNPATH_SEARCH_PATHS = "$(inherited) @executable_path/../Frameworks @loader_path/../Frameworks";
				PRODUCT_NAME = "$(TARGET_NAME)";
				TEST_HOST = "$(BUILT_PRODUCTS_DIR)/WDCollectionTestClient.app/Contents/MacOS/WDCollectionTestClient";
			};
			name = Debug;
		};
		583889691AD15E3300DE8805 /* Release */ = {
			isa = XCBuildConfiguration;
			buildSettings = {
				BUNDLE_LOADER = "$(TEST_HOST)";
				COMBINE_HIDPI_IMAGES = YES;
				FRAMEWORK_SEARCH_PATHS = (
					"$(DEVELOPER_FRAMEWORKS_DIR)",
					"$(inherited)",
				);
				INFOPLIST_FILE = WDCollectionTestClientTests/Info.plist;
				LD_RUNPATH_SEARCH_PATHS = "$(inherited) @executable_path/../Frameworks @loader_path/../Frameworks";
				PRODUCT_NAME = "$(TARGET_NAME)";
				TEST_HOST = "$(BUILT_PRODUCTS_DIR)/WDCollectionTestClient.app/Contents/MacOS/WDCollectionTestClient";
			};
			name = Release;
		};
/* End XCBuildConfiguration section */

/* Begin XCConfigurationList section */
		583889421AD15E3300DE8805 /* Build configuration list for PBXProject "WDCollectionTestClient" */ = {
			isa = XCConfigurationList;
			buildConfigurations = (
				583889621AD15E3300DE8805 /* Debug */,
				583889631AD15E3300DE8805 /* Release */,
			);
			defaultConfigurationIsVisible = 0;
			defaultConfigurationName = Release;
		};
		583889641AD15E3300DE8805 /* Build configuration list for PBXNativeTarget "WDCollectionTestClient" */ = {
			isa = XCConfigurationList;
			buildConfigurations = (
				583889651AD15E3300DE8805 /* Debug */,
				583889661AD15E3300DE8805 /* Release */,
			);
			defaultConfigurationIsVisible = 0;
		};
		583889671AD15E3300DE8805 /* Build configuration list for PBXNativeTarget "WDCollectionTestClientTests" */ = {
			isa = XCConfigurationList;
			buildConfigurations = (
				583889681AD15E3300DE8805 /* Debug */,
				583889691AD15E3300DE8805 /* Release */,
			);
			defaultConfigurationIsVisible = 0;
		};
/* End XCConfigurationList section */
	};
	rootObject = 5838893F1AD15E3300DE8805 /* Project object */;
}
